
Microsoft Visual Studio Solution File, Format Version 12.00
# Visual Studio Version 17
VisualStudioVersion = 17.0.31919.166
MinimumVisualStudioVersion = 10.0.40219.1
Project("{FAE04EC0-301F-11D3-BF4B-00C04F79EFBC}") = "Shopbridge", "Shopbridge\Shopbridge.csproj", "{9E9BDE40-513A-45E5-9516-E62CB74AD30C}"
EndProject
Global
	GlobalSection(SolutionConfigurationPlatforms) = preSolution
		Debug|Any CPU = Debug|Any CPU
		Release|Any CPU = Release|Any CPU
	EndGlobalSection
	GlobalSection(ProjectConfigurationPlatforms) = postSolution
		{9E9BDE40-513A-45E5-9516-E62CB74AD30C}.Debug|Any CPU.ActiveCfg = Debug|Any CPU
		{9E9BDE40-513A-45E5-9516-E62CB74AD30C}.Debug|Any CPU.Build.0 = Debug|Any CPU
		{9E9BDE40-513A-45E5-9516-E62CB74AD30C}.Release|Any CPU.ActiveCfg = Release|Any CPU
		{9E9BDE40-513A-45E5-9516-E62CB74AD30C}.Release|Any CPU.Build.0 = Release|Any CPU
	EndGlobalSection
	GlobalSection(SolutionProperties) = preSolution
		HideSolutionNode = FALSE
	EndGlobalSection
	GlobalSection(ExtensibilityGlobals) = postSolution
		SolutionGuid = {2F96EEF1-EDFD-4F1E-8758-CAAAEC4C8418}
	EndGlobalSection
EndGlobal
